// !$*UTF8*$!
{
	archiveVersion = 1;
	classes = {
	};
	objectVersion = 50;
	objects = {

/* Begin PBXBuildFile section */
		3FF4DCAE22B5C8AD008E223E /* AppDelegate.swift in Sources */ = {isa = PBXBuildFile; fileRef = 3FF4DCAD22B5C8AD008E223E /* AppDelegate.swift */; };
		3FF4DCB022B5C8AD008E223E /* ViewController.swift in Sources */ = {isa = PBXBuildFile; fileRef = 3FF4DCAF22B5C8AD008E223E /* ViewController.swift */; };
		3FF4DCB322B5C8AD008E223E /* Main.storyboard in Resources */ = {isa = PBXBuildFile; fileRef = 3FF4DCB122B5C8AD008E223E /* Main.storyboard */; };
		3FF4DCB522B5C8AF008E223E /* Assets.xcassets in Resources */ = {isa = PBXBuildFile; fileRef = 3FF4DCB422B5C8AF008E223E /* Assets.xcassets */; };
		3FF4DCB822B5C8AF008E223E /* LaunchScreen.storyboard in Resources */ = {isa = PBXBuildFile; fileRef = 3FF4DCB622B5C8AF008E223E /* LaunchScreen.storyboard */; };
		B9FBB0555C2A09DF41B7D26D /* Pods_videoApp.framework in Frameworks */ = {isa = PBXBuildFile; fileRef = 673B393E7948F0763DB2DA1B /* Pods_videoApp.framework */; };
/* End PBXBuildFile section */

/* Begin PBXFileReference section */
		3FF4DCAA22B5C8AD008E223E /* videoApp.app */ = {isa = PBXFileReference; explicitFileType = wrapper.application; includeInIndex = 0; path = videoApp.app; sourceTree = BUILT_PRODUCTS_DIR; };
		3FF4DCAD22B5C8AD008E223E /* AppDelegate.swift */ = {isa = PBXFileReference; lastKnownFileType = sourcecode.swift; path = AppDelegate.swift; sourceTree = "<group>"; };
		3FF4DCAF22B5C8AD008E223E /* ViewController.swift */ = {isa = PBXFileReference; lastKnownFileType = sourcecode.swift; path = ViewController.swift; sourceTree = "<group>"; };
		3FF4DCB222B5C8AD008E223E /* Base */ = {isa = PBXFileReference; lastKnownFileType = file.storyboard; name = Base; path = Base.lproj/Main.storyboard; sourceTree = "<group>"; };
		3FF4DCB422B5C8AF008E223E /* Assets.xcassets */ = {isa = PBXFileReference; lastKnownFileType = folder.assetcatalog; path = Assets.xcassets; sourceTree = "<group>"; };
		3FF4DCB722B5C8AF008E223E /* Base */ = {isa = PBXFileReference; lastKnownFileType = file.storyboard; name = Base; path = Base.lproj/LaunchScreen.storyboard; sourceTree = "<group>"; };
		3FF4DCB922B5C8AF008E223E /* Info.plist */ = {isa = PBXFileReference; lastKnownFileType = text.plist.xml; path = Info.plist; sourceTree = "<group>"; };
		673B393E7948F0763DB2DA1B /* Pods_videoApp.framework */ = {isa = PBXFileReference; explicitFileType = wrapper.framework; includeInIndex = 0; path = Pods_videoApp.framework; sourceTree = BUILT_PRODUCTS_DIR; };
		8C2EEF853367C5CC8013FF7D /* Pods-videoApp.release.xcconfig */ = {isa = PBXFileReference; includeInIndex = 1; lastKnownFileType = text.xcconfig; name = "Pods-videoApp.release.xcconfig"; path = "Target Support Files/Pods-videoApp/Pods-videoApp.release.xcconfig"; sourceTree = "<group>"; };
		D272B021CEFD2F73B9651578 /* Pods-videoApp.debug.xcconfig */ = {isa = PBXFileReference; includeInIndex = 1; lastKnownFileType = text.xcconfig; name = "Pods-videoApp.debug.xcconfig"; path = "Target Support Files/Pods-videoApp/Pods-videoApp.debug.xcconfig"; sourceTree = "<group>"; };
/* End PBXFileReference section */

/* Begin PBXFrameworksBuildPhase section */
		3FF4DCA722B5C8AD008E223E /* Frameworks */ = {
			isa = PBXFrameworksBuildPhase;
			buildActionMask = 2147483647;
			files = (
				B9FBB0555C2A09DF41B7D26D /* Pods_videoApp.framework in Frameworks */,
			);
			runOnlyForDeploymentPostprocessing = 0;
		};
/* End PBXFrameworksBuildPhase section */

/* Begin PBXGroup section */
		3FF4DCA122B5C8AD008E223E = {
			isa = PBXGroup;
			children = (
				3FF4DCAC22B5C8AD008E223E /* videoApp */,
				3FF4DCAB22B5C8AD008E223E /* Products */,
				DB9D24A065AF69D642170FAB /* Pods */,
				A091179C8DB24E46D7461941 /* Frameworks */,
			);
			sourceTree = "<group>";
		};
		3FF4DCAB22B5C8AD008E223E /* Products */ = {
			isa = PBXGroup;
			children = (
				3FF4DCAA22B5C8AD008E223E /* videoApp.app */,
			);
			name = Products;
			sourceTree = "<group>";
		};
		3FF4DCAC22B5C8AD008E223E /* videoApp */ = {
			isa = PBXGroup;
			children = (
				3FF4DCAD22B5C8AD008E223E /* AppDelegate.swift */,
				3FF4DCAF22B5C8AD008E223E /* ViewController.swift */,
				3FF4DCB122B5C8AD008E223E /* Main.storyboard */,
				3FF4DCB422B5C8AF008E223E /* Assets.xcassets */,
				3FF4DCB622B5C8AF008E223E /* LaunchScreen.storyboard */,
				3FF4DCB922B5C8AF008E223E /* Info.plist */,
			);
			path = videoApp;
			sourceTree = "<group>";
		};
		A091179C8DB24E46D7461941 /* Frameworks */ = {
			isa = PBXGroup;
			children = (
				673B393E7948F0763DB2DA1B /* Pods_videoApp.framework */,
			);
			name = Frameworks;
			sourceTree = "<group>";
		};
		DB9D24A065AF69D642170FAB /* Pods */ = {
			isa = PBXGroup;
			children = (
				D272B021CEFD2F73B9651578 /* Pods-videoApp.debug.xcconfig */,
				8C2EEF853367C5CC8013FF7D /* Pods-videoApp.release.xcconfig */,
			);
			name = Pods;
			path = Pods;
			sourceTree = "<group>";
		};
/* End PBXGroup section */

/* Begin PBXNativeTarget section */
		3FF4DCA922B5C8AD008E223E /* videoApp */ = {
			isa = PBXNativeTarget;
			buildConfigurationList = 3FF4DCBC22B5C8AF008E223E /* Build configuration list for PBXNativeTarget "videoApp" */;
			buildPhases = (
				0B51900C65FDFB9F4FA1E8EE /* [CP] Check Pods Manifest.lock */,
				3FF4DCA622B5C8AD008E223E /* Sources */,
				3FF4DCA722B5C8AD008E223E /* Frameworks */,
				3FF4DCA822B5C8AD008E223E /* Resources */,
				1507B867A9331F66183FB626 /* [CP] Embed Pods Frameworks */,
			);
			buildRules = (
			);
			dependencies = (
			);
			name = videoApp;
			productName = videoApp;
			productReference = 3FF4DCAA22B5C8AD008E223E /* videoApp.app */;
			productType = "com.apple.product-type.application";
		};
/* End PBXNativeTarget section */

/* Begin PBXProject section */
		3FF4DCA222B5C8AD008E223E /* Project object */ = {
			isa = PBXProject;
			attributes = {
				LastSwiftUpdateCheck = 1020;
				LastUpgradeCheck = 1020;
				ORGANIZATIONNAME = "西谷恭紀";
				TargetAttributes = {
					3FF4DCA922B5C8AD008E223E = {
						CreatedOnToolsVersion = 10.2.1;
					};
				};
			};
			buildConfigurationList = 3FF4DCA522B5C8AD008E223E /* Build configuration list for PBXProject "videoApp" */;
			compatibilityVersion = "Xcode 9.3";
			developmentRegion = en;
			hasScannedForEncodings = 0;
			knownRegions = (
				en,
				Base,
			);
			mainGroup = 3FF4DCA122B5C8AD008E223E;
			productRefGroup = 3FF4DCAB22B5C8AD008E223E /* Products */;
			projectDirPath = "";
			projectRoot = "";
			targets = (
				3FF4DCA922B5C8AD008E223E /* videoApp */,
			);
		};
/* End PBXProject section */

/* Begin PBXResourcesBuildPhase section */
		3FF4DCA822B5C8AD008E223E /* Resources */ = {
			isa = PBXResourcesBuildPhase;
			buildActionMask = 2147483647;
			files = (
				3FF4DCB822B5C8AF008E223E /* LaunchScreen.storyboard in Resources */,
				3FF4DCB522B5C8AF008E223E /* Assets.xcassets in Resources */,
				3FF4DCB322B5C8AD008E223E /* Main.storyboard in Resources */,
			);
			runOnlyForDeploymentPostprocessing = 0;
		};
/* End PBXResourcesBuildPhase section */

/* Begin PBXShellScriptBuildPhase section */
		0B51900C65FDFB9F4FA1E8EE /* [CP] Check Pods Manifest.lock */ = {
			isa = PBXShellScriptBuildPhase;
			buildActionMask = 2147483647;
			files = (
			);
			inputFileListPaths = (
			);
			inputPaths = (
				"${PODS_PODFILE_DIR_PATH}/Podfile.lock",
				"${PODS_ROOT}/Manifest.lock",
			);
			name = "[CP] Check Pods Manifest.lock";
			outputFileListPaths = (
			);
			outputPaths = (
				"$(DERIVED_FILE_DIR)/Pods-videoApp-checkManifestLockResult.txt",
			);
			runOnlyForDeploymentPostprocessing = 0;
			shellPath = /bin/sh;
			shellScript = "diff \"${PODS_PODFILE_DIR_PATH}/Podfile.lock\" \"${PODS_ROOT}/Manifest.lock\" > /dev/null\nif [ $? != 0 ] ; then\n    # print error to STDERR\n    echo \"error: The sandbox is not in sync with the Podfile.lock. Run 'pod install' or update your CocoaPods installation.\" >&2\n    exit 1\nfi\n# This output is used by Xcode 'outputs' to avoid re-running this script phase.\necho \"SUCCESS\" > \"${SCRIPT_OUTPUT_FILE_0}\"\n";
			showEnvVarsInLog = 0;
		};
		1507B867A9331F66183FB626 /* [CP] Embed Pods Frameworks */ = {
			isa = PBXShellScriptBuildPhase;
			buildActionMask = 2147483647;
			files = (
			);
			inputFileListPaths = (
				"${PODS_ROOT}/Target Support Files/Pods-videoApp/Pods-videoApp-frameworks-${CONFIGURATION}-input-files.xcfilelist",
			);
			name = "[CP] Embed Pods Frameworks";
			outputFileListPaths = (
				"${PODS_ROOT}/Target Support Files/Pods-videoApp/Pods-videoApp-frameworks-${CONFIGURATION}-output-files.xcfilelist",
			);
			runOnlyForDeploymentPostprocessing = 0;
			shellPath = /bin/sh;
			shellScript = "\"${PODS_ROOT}/Target Support Files/Pods-videoApp/Pods-videoApp-frameworks.sh\"\n";
			showEnvVarsInLog = 0;
		};
/* End PBXShellScriptBuildPhase section */

/* Begin PBXSourcesBuildPhase section */
		3FF4DCA622B5C8AD008E223E /* Sources */ = {
			isa = PBXSourcesBuildPhase;
			buildActionMask = 2147483647;
			files = (
				3FF4DCB022B5C8AD008E223E /* ViewController.swift in Sources */,
				3FF4DCAE22B5C8AD008E223E /* AppDelegate.swift in Sources */,
			);
			runOnlyForDeploymentPostprocessing = 0;
		};
/* End PBXSourcesBuildPhase section */

/* Begin PBXVariantGroup section */
		3FF4DCB122B5C8AD008E223E /* Main.storyboard */ = {
			isa = PBXVariantGroup;
			children = (
				3FF4DCB222B5C8AD008E223E /* Base */,
			);
			name = Main.storyboard;
			sourceTree = "<group>";
		};
		3FF4DCB622B5C8AF008E223E /* LaunchScreen.storyboard */ = {
			isa = PBXVariantGroup;
			children = (
				3FF4DCB722B5C8AF008E223E /* Base */,
			);
			name = LaunchScreen.storyboard;
			sourceTree = "<group>";
		};
/* End PBXVariantGroup section */

/* Begin XCBuildConfiguration section */
		3FF4DCBA22B5C8AF008E223E /* Debug */ = {
			isa = XCBuildConfiguration;
			buildSettings = {
				ALWAYS_SEARCH_USER_PATHS = NO;
				CLANG_ANALYZER_NONNULL = YES;
				CLANG_ANALYZER_NUMBER_OBJECT_CONVERSION = YES_AGGRESSIVE;
				CLANG_CXX_LANGUAGE_STANDARD = "gnu++14";
				CLANG_CXX_LIBRARY = "libc++";
				CLANG_ENABLE_MODULES = YES;
				CLANG_ENABLE_OBJC_ARC = YES;
				CLANG_ENABLE_OBJC_WEAK = YES;
				CLANG_WARN_BLOCK_CAPTURE_AUTORELEASING = YES;
				CLANG_WARN_BOOL_CONVERSION = YES;
				CLANG_WARN_COMMA = YES;
				CLANG_WARN_CONSTANT_CONVERSION = YES;
				CLANG_WARN_DEPRECATED_OBJC_IMPLEMENTATIONS = YES;
				CLANG_WARN_DIRECT_OBJC_ISA_USAGE = YES_ERROR;
				CLANG_WARN_DOCUMENTATION_COMMENTS = YES;
				CLANG_WARN_EMPTY_BODY = YES;
				CLANG_WARN_ENUM_CONVERSION = YES;
				CLANG_WARN_INFINITE_RECURSION = YES;
				CLANG_WARN_INT_CONVERSION = YES;
				CLANG_WARN_NON_LITERAL_NULL_CONVERSION = YES;
				CLANG_WARN_OBJC_IMPLICIT_RETAIN_SELF = YES;
				CLANG_WARN_OBJC_LITERAL_CONVERSION = YES;
				CLANG_WARN_OBJC_ROOT_CLASS = YES_ERROR;
				CLANG_WARN_RANGE_LOOP_ANALYSIS = YES;
				CLANG_WARN_STRICT_PROTOTYPES = YES;
				CLANG_WARN_SUSPICIOUS_MOVE = YES;
				CLANG_WARN_UNGUARDED_AVAILABILITY = YES_AGGRESSIVE;
				CLANG_WARN_UNREACHABLE_CODE = YES;
				CLANG_WARN__DUPLICATE_METHOD_MATCH = YES;
				CODE_SIGN_IDENTITY = "iPhone Developer";
				COPY_PHASE_STRIP = NO;
				DEBUG_INFORMATION_FORMAT = dwarf;
				ENABLE_STRICT_OBJC_MSGSEND = YES;
				ENABLE_TESTABILITY = YES;
				GCC_C_LANGUAGE_STANDARD = gnu11;
				GCC_DYNAMIC_NO_PIC = NO;
				GCC_NO_COMMON_BLOCKS = YES;
				GCC_OPTIMIZATION_LEVEL = 0;
				GCC_PREPROCESSOR_DEFINITIONS = (
					"DEBUG=1",
					"$(inherited)",
				);
				GCC_WARN_64_TO_32_BIT_CONVERSION = YES;
				GCC_WARN_ABOUT_RETURN_TYPE = YES_ERROR;
				GCC_WARN_UNDECLARED_SELECTOR = YES;
				GCC_WARN_UNINITIALIZED_AUTOS = YES_AGGRESSIVE;
				GCC_WARN_UNUSED_FUNCTION = YES;
				GCC_WARN_UNUSED_VARIABLE = YES;
				IPHONEOS_DEPLOYMENT_TARGET = 12.2;
				MTL_ENABLE_DEBUG_INFO = INCLUDE_SOURCE;
				MTL_FAST_MATH = YES;
				ONLY_ACTIVE_ARCH = YES;
				SDKROOT = iphoneos;
				SWIFT_ACTIVE_COMPILATION_CONDITIONS = DEBUG;
				SWIFT_OPTIMIZATION_LEVEL = "-Onone";
			};
			name = Debug;
		};
		3FF4DCBB22B5C8AF008E223E /* Release */ = {
			isa = XCBuildConfiguration;
			buildSettings = {
				ALWAYS_SEARCH_USER_PATHS = NO;
				CLANG_ANALYZER_NONNULL = YES;
				CLANG_ANALYZER_NUMBER_OBJECT_CONVERSION = YES_AGGRESSIVE;
				CLANG_CXX_LANGUAGE_STANDARD = "gnu++14";
				CLANG_CXX_LIBRARY = "libc++";
				CLANG_ENABLE_MODULES = YES;
				CLANG_ENABLE_OBJC_ARC = YES;
				CLANG_ENABLE_OBJC_WEAK = YES;
				CLANG_WARN_BLOCK_CAPTURE_AUTORELEASING = YES;
				CLANG_WARN_BOOL_CONVERSION = YES;
				CLANG_WARN_COMMA = YES;
				CLANG_WARN_CONSTANT_CONVERSION = YES;
				CLANG_WARN_DEPRECATED_OBJC_IMPLEMENTATIONS = YES;
				CLANG_WARN_DIRECT_OBJC_ISA_USAGE = YES_ERROR;
				CLANG_WARN_DOCUMENTATION_COMMENTS = YES;
				CLANG_WARN_EMPTY_BODY = YES;
				CLANG_WARN_ENUM_CONVERSION = YES;
				CLANG_WARN_INFINITE_RECURSION = YES;
				CLANG_WARN_INT_CONVERSION = YES;
				CLANG_WARN_NON_LITERAL_NULL_CONVERSION = YES;
				CLANG_WARN_OBJC_IMPLICIT_RETAIN_SELF = YES;
				CLANG_WARN_OBJC_LITERAL_CONVERSION = YES;
				CLANG_WARN_OBJC_ROOT_CLASS = YES_ERROR;
				CLANG_WARN_RANGE_LOOP_ANALYSIS = YES;
				CLANG_WARN_STRICT_PROTOTYPES = YES;
				CLANG_WARN_SUSPICIOUS_MOVE = YES;
				CLANG_WARN_UNGUARDED_AVAILABILITY = YES_AGGRESSIVE;
				CLANG_WARN_UNREACHABLE_CODE = YES;
				CLANG_WARN__DUPLICATE_METHOD_MATCH = YES;
				CODE_SIGN_IDENTITY = "iPhone Developer";
				COPY_PHASE_STRIP = NO;
				DEBUG_INFORMATION_FORMAT = "dwarf-with-dsym";
				ENABLE_NS_ASSERTIONS = NO;
				ENABLE_STRICT_OBJC_MSGSEND = YES;
				GCC_C_LANGUAGE_STANDARD = gnu11;
				GCC_NO_COMMON_BLOCKS = YES;
				GCC_WARN_64_TO_32_BIT_CONVERSION = YES;
				GCC_WARN_ABOUT_RETURN_TYPE = YES_ERROR;
				GCC_WARN_UNDECLARED_SELECTOR = YES;
				GCC_WARN_UNINITIALIZED_AUTOS = YES_AGGRESSIVE;
				GCC_WARN_UNUSED_FUNCTION = YES;
				GCC_WARN_UNUSED_VARIABLE = YES;
				IPHONEOS_DEPLOYMENT_TARGET = 12.2;
				MTL_ENABLE_DEBUG_INFO = NO;
				MTL_FAST_MATH = YES;
				SDKROOT = iphoneos;
				SWIFT_COMPILATION_MODE = wholemodule;
				SWIFT_OPTIMIZATION_LEVEL = "-O";
				VALIDATE_PRODUCT = YES;
			};
			name = Release;
		};
		3FF4DCBD22B5C8AF008E223E /* Debug */ = {
			isa = XCBuildConfiguration;
			baseConfigurationReference = D272B021CEFD2F73B9651578 /* Pods-videoApp.debug.xcconfig */;
			buildSettings = {
				ASSETCATALOG_COMPILER_APPICON_NAME = AppIcon;
				CODE_SIGN_STYLE = Automatic;
				DEVELOPMENT_TEAM = U573KNWA6M;
				INFOPLIST_FILE = videoApp/Info.plist;
				LD_RUNPATH_SEARCH_PATHS = (
					"$(inherited)",
					"@executable_path/Frameworks",
				);
				PRODUCT_BUNDLE_IDENTIFIER = com.Yoshiki.videoApp;
				PRODUCT_NAME = "$(TARGET_NAME)";
				SWIFT_VERSION = 5.0;
				TARGETED_DEVICE_FAMILY = "1,2";
			};
			name = Debug;
		};
		3FF4DCBE22B5C8AF008E223E /* Release */ = {
			isa = XCBuildConfiguration;
			baseConfigurationReference = 8C2EEF853367C5CC8013FF7D /* Pods-videoApp.release.xcconfig */;
			buildSettings = {
				ASSETCATALOG_COMPILER_APPICON_NAME = AppIcon;
				CODE_SIGN_STYLE = Automatic;
				DEVELOPMENT_TEAM = U573KNWA6M;
				INFOPLIST_FILE = videoApp/Info.plist;
				LD_RUNPATH_SEARCH_PATHS = (
					"$(inherited)",
					"@executable_path/Frameworks",
				);
				PRODUCT_BUNDLE_IDENTIFIER = com.Yoshiki.videoApp;
				PRODUCT_NAME = "$(TARGET_NAME)";
				SWIFT_VERSION = 5.0;
				TARGETED_DEVICE_FAMILY = "1,2";
			};
			name = Release;
		};
/* End XCBuildConfiguration section */

/* Begin XCConfigurationList section */
		3FF4DCA522B5C8AD008E223E /* Build configuration list for PBXProject "videoApp" */ = {
			isa = XCConfigurationList;
			buildConfigurations = (
				3FF4DCBA22B5C8AF008E223E /* Debug */,
				3FF4DCBB22B5C8AF008E223E /* Release */,
			);
			defaultConfigurationIsVisible = 0;
			defaultConfigurationName = Release;
		};
		3FF4DCBC22B5C8AF008E223E /* Build configuration list for PBXNativeTarget "videoApp" */ = {
			isa = XCConfigurationList;
			buildConfigurations = (
				3FF4DCBD22B5C8AF008E223E /* Debug */,
				3FF4DCBE22B5C8AF008E223E /* Release */,
			);
			defaultConfigurationIsVisible = 0;
			defaultConfigurationName = Release;
		};
/* End XCConfigurationList section */
	};
	rootObject = 3FF4DCA222B5C8AD008E223E /* Project object */;
}
